
Microsoft Visual Studio Solution File, Format Version 11.00
# Visual Studio 2010
Project("{FAE04EC0-301F-11D3-BF4B-00C04F79EFBC}") = "SpaceFighter", "SpaceFighter\SpaceFighter\SpaceFighter.csproj", "{8AD5DD30-5FF9-4836-9447-D2638EB71968}"
EndProject
Project("{FAE04EC0-301F-11D3-BF4B-00C04F79EFBC}") = "SpaceFighterContent", "SpaceFighter\SpaceFighterContent\SpaceFighterContent.contentproj", "{E31FDE81-2D1F-4575-9210-A274E9D92F3F}"
EndProject
Project("{FAE04EC0-301F-11D3-BF4B-00C04F79EFBC}") = "SpaceFighter.Logic", "SpaceFighter.Logic\SpaceFighter.Logic.csproj", "{C13486CD-1584-45F2-A68C-720A6C819069}"
EndProject
Project("{FAE04EC0-301F-11D3-BF4B-00C04F79EFBC}") = "Xbox SpaceFighter.Logic", "SpaceFighter.Logic\Xbox SpaceFighter.Logic.csproj", "{B30D5CEE-9D4A-4B57-B0A6-02F04A8D664D}"
EndProject
Project("{FAE04EC0-301F-11D3-BF4B-00C04F79EFBC}") = "Xbox SpaceFighter", "SpaceFighter\SpaceFighter\Xbox SpaceFighter.csproj", "{F287DF4C-341E-452B-B74D-C1A1B2C8199F}"
EndProject
Global
	GlobalSection(SolutionConfigurationPlatforms) = preSolution
		Debug|Any CPU = Debug|Any CPU
		Debug|Mixed Platforms = Debug|Mixed Platforms
		Debug|x86 = Debug|x86
		Debug|Xbox 360 = Debug|Xbox 360
		Release|Any CPU = Release|Any CPU
		Release|Mixed Platforms = Release|Mixed Platforms
		Release|x86 = Release|x86
		Release|Xbox 360 = Release|Xbox 360
	EndGlobalSection
	GlobalSection(ProjectConfigurationPlatforms) = postSolution
		{8AD5DD30-5FF9-4836-9447-D2638EB71968}.Debug|Any CPU.ActiveCfg = Debug|x86
		{8AD5DD30-5FF9-4836-9447-D2638EB71968}.Debug|Mixed Platforms.ActiveCfg = Debug|x86
		{8AD5DD30-5FF9-4836-9447-D2638EB71968}.Debug|Mixed Platforms.Build.0 = Debug|x86
		{8AD5DD30-5FF9-4836-9447-D2638EB71968}.Debug|x86.ActiveCfg = Debug|x86
		{8AD5DD30-5FF9-4836-9447-D2638EB71968}.Debug|x86.Build.0 = Debug|x86
		{8AD5DD30-5FF9-4836-9447-D2638EB71968}.Debug|Xbox 360.ActiveCfg = Debug|x86
		{8AD5DD30-5FF9-4836-9447-D2638EB71968}.Debug|Xbox 360.Build.0 = Debug|x86
		{8AD5DD30-5FF9-4836-9447-D2638EB71968}.Release|Any CPU.ActiveCfg = Release|x86
		{8AD5DD30-5FF9-4836-9447-D2638EB71968}.Release|Mixed Platforms.ActiveCfg = Release|x86
		{8AD5DD30-5FF9-4836-9447-D2638EB71968}.Release|Mixed Platforms.Build.0 = Release|x86
		{8AD5DD30-5FF9-4836-9447-D2638EB71968}.Release|x86.ActiveCfg = Release|x86
		{8AD5DD30-5FF9-4836-9447-D2638EB71968}.Release|x86.Build.0 = Release|x86
		{8AD5DD30-5FF9-4836-9447-D2638EB71968}.Release|Xbox 360.ActiveCfg = Release|x86
		{8AD5DD30-5FF9-4836-9447-D2638EB71968}.Release|Xbox 360.Build.0 = Release|x86
		{E31FDE81-2D1F-4575-9210-A274E9D92F3F}.Debug|Any CPU.ActiveCfg = Debug|x86
		{E31FDE81-2D1F-4575-9210-A274E9D92F3F}.Debug|Mixed Platforms.ActiveCfg = Debug|x86
		{E31FDE81-2D1F-4575-9210-A274E9D92F3F}.Debug|Mixed Platforms.Deploy.0 = Debug|x86
		{E31FDE81-2D1F-4575-9210-A274E9D92F3F}.Debug|x86.ActiveCfg = Debug|x86
		{E31FDE81-2D1F-4575-9210-A274E9D92F3F}.Debug|Xbox 360.ActiveCfg = Debug|x86
		{E31FDE81-2D1F-4575-9210-A274E9D92F3F}.Release|Any CPU.ActiveCfg = Release|x86
		{E31FDE81-2D1F-4575-9210-A274E9D92F3F}.Release|Mixed Platforms.ActiveCfg = Release|x86
		{E31FDE81-2D1F-4575-9210-A274E9D92F3F}.Release|x86.ActiveCfg = Release|x86
		{E31FDE81-2D1F-4575-9210-A274E9D92F3F}.Release|Xbox 360.ActiveCfg = Release|x86
		{C13486CD-1584-45F2-A68C-720A6C819069}.Debug|Any CPU.ActiveCfg = Debug|x86
		{C13486CD-1584-45F2-A68C-720A6C819069}.Debug|Mixed Platforms.ActiveCfg = Debug|x86
		{C13486CD-1584-45F2-A68C-720A6C819069}.Debug|Mixed Platforms.Build.0 = Debug|x86
		{C13486CD-1584-45F2-A68C-720A6C819069}.Debug|x86.ActiveCfg = Debug|x86
		{C13486CD-1584-45F2-A68C-720A6C819069}.Debug|x86.Build.0 = Debug|x86
		{C13486CD-1584-45F2-A68C-720A6C819069}.Debug|Xbox 360.ActiveCfg = Debug|x86
		{C13486CD-1584-45F2-A68C-720A6C819069}.Debug|Xbox 360.Build.0 = Debug|x86
		{C13486CD-1584-45F2-A68C-720A6C819069}.Release|Any CPU.ActiveCfg = Release|x86
		{C13486CD-1584-45F2-A68C-720A6C819069}.Release|Mixed Platforms.ActiveCfg = Release|x86
		{C13486CD-1584-45F2-A68C-720A6C819069}.Release|Mixed Platforms.Build.0 = Release|x86
		{C13486CD-1584-45F2-A68C-720A6C819069}.Release|x86.ActiveCfg = Release|x86
		{C13486CD-1584-45F2-A68C-720A6C819069}.Release|x86.Build.0 = Release|x86
		{C13486CD-1584-45F2-A68C-720A6C819069}.Release|Xbox 360.ActiveCfg = Release|x86
		{C13486CD-1584-45F2-A68C-720A6C819069}.Release|Xbox 360.Build.0 = Release|x86
		{B30D5CEE-9D4A-4B57-B0A6-02F04A8D664D}.Debug|Any CPU.ActiveCfg = Debug|Xbox 360
		{B30D5CEE-9D4A-4B57-B0A6-02F04A8D664D}.Debug|Mixed Platforms.ActiveCfg = Debug|Xbox 360
		{B30D5CEE-9D4A-4B57-B0A6-02F04A8D664D}.Debug|Mixed Platforms.Build.0 = Debug|Xbox 360
		{B30D5CEE-9D4A-4B57-B0A6-02F04A8D664D}.Debug|x86.ActiveCfg = Debug|Xbox 360
		{B30D5CEE-9D4A-4B57-B0A6-02F04A8D664D}.Debug|Xbox 360.ActiveCfg = Debug|Xbox 360
		{B30D5CEE-9D4A-4B57-B0A6-02F04A8D664D}.Debug|Xbox 360.Build.0 = Debug|Xbox 360
		{B30D5CEE-9D4A-4B57-B0A6-02F04A8D664D}.Release|Any CPU.ActiveCfg = Release|Xbox 360
		{B30D5CEE-9D4A-4B57-B0A6-02F04A8D664D}.Release|Mixed Platforms.ActiveCfg = Release|Xbox 360
		{B30D5CEE-9D4A-4B57-B0A6-02F04A8D664D}.Release|Mixed Platforms.Build.0 = Release|Xbox 360
		{B30D5CEE-9D4A-4B57-B0A6-02F04A8D664D}.Release|x86.ActiveCfg = Release|Xbox 360
		{B30D5CEE-9D4A-4B57-B0A6-02F04A8D664D}.Release|Xbox 360.ActiveCfg = Release|Xbox 360
		{B30D5CEE-9D4A-4B57-B0A6-02F04A8D664D}.Release|Xbox 360.Build.0 = Release|Xbox 360
		{F287DF4C-341E-452B-B74D-C1A1B2C8199F}.Debug|Any CPU.ActiveCfg = Debug|Xbox 360
		{F287DF4C-341E-452B-B74D-C1A1B2C8199F}.Debug|Mixed Platforms.ActiveCfg = Debug|Xbox 360
		{F287DF4C-341E-452B-B74D-C1A1B2C8199F}.Debug|Mixed Platforms.Build.0 = Debug|Xbox 360
		{F287DF4C-341E-452B-B74D-C1A1B2C8199F}.Debug|x86.ActiveCfg = Debug|Xbox 360
		{F287DF4C-341E-452B-B74D-C1A1B2C8199F}.Debug|Xbox 360.ActiveCfg = Debug|Xbox 360
		{F287DF4C-341E-452B-B74D-C1A1B2C8199F}.Debug|Xbox 360.Build.0 = Debug|Xbox 360
		{F287DF4C-341E-452B-B74D-C1A1B2C8199F}.Debug|Xbox 360.Deploy.0 = Debug|Xbox 360
		{F287DF4C-341E-452B-B74D-C1A1B2C8199F}.Release|Any CPU.ActiveCfg = Release|Xbox 360
		{F287DF4C-341E-452B-B74D-C1A1B2C8199F}.Release|Mixed Platforms.ActiveCfg = Release|Xbox 360
		{F287DF4C-341E-452B-B74D-C1A1B2C8199F}.Release|Mixed Platforms.Build.0 = Release|Xbox 360
		{F287DF4C-341E-452B-B74D-C1A1B2C8199F}.Release|Mixed Platforms.Deploy.0 = Release|Xbox 360
		{F287DF4C-341E-452B-B74D-C1A1B2C8199F}.Release|x86.ActiveCfg = Release|Xbox 360
		{F287DF4C-341E-452B-B74D-C1A1B2C8199F}.Release|Xbox 360.ActiveCfg = Release|Xbox 360
		{F287DF4C-341E-452B-B74D-C1A1B2C8199F}.Release|Xbox 360.Build.0 = Release|Xbox 360
		{F287DF4C-341E-452B-B74D-C1A1B2C8199F}.Release|Xbox 360.Deploy.0 = Release|Xbox 360
	EndGlobalSection
	GlobalSection(SolutionProperties) = preSolution
		HideSolutionNode = FALSE
	EndGlobalSection
EndGlobal
